
Microsoft Visual Studio Solution File, Format Version 12.00
# Visual Studio 15
VisualStudioVersion = 15.0.28307.1062
MinimumVisualStudioVersion = 10.0.40219.1
Project("{8BC9CEB8-8B4A-11D0-8D11-00A0C91BC942}") = "Dijkstra", "Dijkstra\Dijkstra.vcxproj", "{7CFD3B77-B090-4B7E-BAC1-46B26C02F69D}"
EndProject
Global
	GlobalSection(SolutionConfigurationPlatforms) = preSolution
		Debug|x64 = Debug|x64
		Debug|x86 = Debug|x86
		Release|x64 = Release|x64
		Release|x86 = Release|x86
	EndGlobalSection
	GlobalSection(ProjectConfigurationPlatforms) = postSolution
		{7CFD3B77-B090-4B7E-BAC1-46B26C02F69D}.Debug|x64.ActiveCfg = Debug|x64
		{7CFD3B77-B090-4B7E-BAC1-46B26C02F69D}.Debug|x64.Build.0 = Debug|x64
		{7CFD3B77-B090-4B7E-BAC1-46B26C02F69D}.Debug|x86.ActiveCfg = Debug|Win32
		{7CFD3B77-B090-4B7E-BAC1-46B26C02F69D}.Debug|x86.Build.0 = Debug|Win32
		{7CFD3B77-B090-4B7E-BAC1-46B26C02F69D}.Release|x64.ActiveCfg = Release|x64
		{7CFD3B77-B090-4B7E-BAC1-46B26C02F69D}.Release|x64.Build.0 = Release|x64
		{7CFD3B77-B090-4B7E-BAC1-46B26C02F69D}.Release|x86.ActiveCfg = Release|Win32
		{7CFD3B77-B090-4B7E-BAC1-46B26C02F69D}.Release|x86.Build.0 = Release|Win32
	EndGlobalSection
	GlobalSection(SolutionProperties) = preSolution
		HideSolutionNode = FALSE
	EndGlobalSection
	GlobalSection(ExtensibilityGlobals) = postSolution
		SolutionGuid = {BF6F7905-6AC7-48B2-8A45-C91A55C2F538}
	EndGlobalSection
EndGlobal
